// !$*UTF8*$!
{
	archiveVersion = 1;
	classes = {
	};
	objectVersion = 51;
	objects = {

/* Begin PBXBuildFile section */
		34108AD123DB826C00BB800D /* NSObject++.swift in Sources */ = {isa = PBXBuildFile; fileRef = 34108AD023DB826C00BB800D /* NSObject++.swift */; };
		34108AD423DB838000BB800D /* GenericTableViewDataSource.swift in Sources */ = {isa = PBXBuildFile; fileRef = 34108AD323DB838000BB800D /* GenericTableViewDataSource.swift */; };
		34108AD723DB83DC00BB800D /* ImageView++.swift in Sources */ = {isa = PBXBuildFile; fileRef = 34108AD623DB83DC00BB800D /* ImageView++.swift */; };
		34108AE423DB929D00BB800D /* ProductResponse.swift in Sources */ = {isa = PBXBuildFile; fileRef = 34108AE323DB929D00BB800D /* ProductResponse.swift */; };
		34108AE623DC508B00BB800D /* NetworkFetch.swift in Sources */ = {isa = PBXBuildFile; fileRef = 34108AE523DC508B00BB800D /* NetworkFetch.swift */; };
		34108AE823DC541300BB800D /* EndpointManager.swift in Sources */ = {isa = PBXBuildFile; fileRef = 34108AE723DC541300BB800D /* EndpointManager.swift */; };
		34108AEA23DC8A1100BB800D /* NSObjectExtensionTests.swift in Sources */ = {isa = PBXBuildFile; fileRef = 34108AE923DC8A1100BB800D /* NSObjectExtensionTests.swift */; };
		34108AEE23DC8C4E00BB800D /* GenericTableViewTests.swift in Sources */ = {isa = PBXBuildFile; fileRef = 34108AED23DC8C4E00BB800D /* GenericTableViewTests.swift */; };
		34108AF323DC945900BB800D /* EndpointTests.swift in Sources */ = {isa = PBXBuildFile; fileRef = 34108AF223DC945900BB800D /* EndpointTests.swift */; };
		34108AF523DC9A6900BB800D /* ResponseDecodingTests.swift in Sources */ = {isa = PBXBuildFile; fileRef = 34108AF423DC9A6900BB800D /* ResponseDecodingTests.swift */; };
		34108AF723DC9C5200BB800D /* Products.json in Resources */ = {isa = PBXBuildFile; fileRef = 34108AF623DC9C5200BB800D /* Products.json */; };
		34108AFB23DCA5B000BB800D /* NetworkFetchTests.swift in Sources */ = {isa = PBXBuildFile; fileRef = 34108AFA23DCA5B000BB800D /* NetworkFetchTests.swift */; };
		34108AFE23DCA84800BB800D /* ProductsPresenter.swift in Sources */ = {isa = PBXBuildFile; fileRef = 34108AFD23DCA84800BB800D /* ProductsPresenter.swift */; };
		34108B0123DCA96600BB800D /* ProductModels.swift in Sources */ = {isa = PBXBuildFile; fileRef = 34108B0023DCA96600BB800D /* ProductModels.swift */; };
		34108B0423DCB5B200BB800D /* ProductsViewBuilder.swift in Sources */ = {isa = PBXBuildFile; fileRef = 34108B0323DCB5B200BB800D /* ProductsViewBuilder.swift */; };
		34108B0823DCBDE000BB800D /* ProductDetailViewController.swift in Sources */ = {isa = PBXBuildFile; fileRef = 34108B0623DCBDE000BB800D /* ProductDetailViewController.swift */; };
		34108B0923DCBDE000BB800D /* ProductDetailViewController.xib in Resources */ = {isa = PBXBuildFile; fileRef = 34108B0723DCBDE000BB800D /* ProductDetailViewController.xib */; };
		34108B0C23DCC48E00BB800D /* ProductDetailPresenter.swift in Sources */ = {isa = PBXBuildFile; fileRef = 34108B0B23DCC48E00BB800D /* ProductDetailPresenter.swift */; };
		34108B0F23DCC79100BB800D /* ProductDetailBuilder.swift in Sources */ = {isa = PBXBuildFile; fileRef = 34108B0E23DCC79100BB800D /* ProductDetailBuilder.swift */; };
		34108B1123DCC91100BB800D /* String++.swift in Sources */ = {isa = PBXBuildFile; fileRef = 34108B1023DCC91100BB800D /* String++.swift */; };
		34108B1323DCF3DD00BB800D /* UITableViewCell++.swift in Sources */ = {isa = PBXBuildFile; fileRef = 34108B1223DCF3DD00BB800D /* UITableViewCell++.swift */; };
		34108B1523DCF3F700BB800D /* UIColor++.swift in Sources */ = {isa = PBXBuildFile; fileRef = 34108B1423DCF3F700BB800D /* UIColor++.swift */; };
		344BA04423DB7B3B0047B9DB /* ProductTableViewCell.swift in Sources */ = {isa = PBXBuildFile; fileRef = 344BA04223DB7B3B0047B9DB /* ProductTableViewCell.swift */; };
		344BA04523DB7B3B0047B9DB /* ProductTableViewCell.xib in Resources */ = {isa = PBXBuildFile; fileRef = 344BA04323DB7B3B0047B9DB /* ProductTableViewCell.xib */; };
		346979E423DB62CF00AE27D4 /* AppDelegate.swift in Sources */ = {isa = PBXBuildFile; fileRef = 346979E323DB62CF00AE27D4 /* AppDelegate.swift */; };
		346979E623DB62CF00AE27D4 /* SceneDelegate.swift in Sources */ = {isa = PBXBuildFile; fileRef = 346979E523DB62CF00AE27D4 /* SceneDelegate.swift */; };
		346979ED23DB62D100AE27D4 /* Assets.xcassets in Resources */ = {isa = PBXBuildFile; fileRef = 346979EC23DB62D100AE27D4 /* Assets.xcassets */; };
		346979F023DB62D100AE27D4 /* LaunchScreen.storyboard in Resources */ = {isa = PBXBuildFile; fileRef = 346979EE23DB62D100AE27D4 /* LaunchScreen.storyboard */; };
		346979FB23DB62D100AE27D4 /* SampleModelPassingTests.swift in Sources */ = {isa = PBXBuildFile; fileRef = 346979FA23DB62D100AE27D4 /* SampleModelPassingTests.swift */; };
		34BE56C023DB76A6005DBD56 /* ProductsViewController.swift in Sources */ = {isa = PBXBuildFile; fileRef = 34BE56BE23DB76A6005DBD56 /* ProductsViewController.swift */; };
		34BE56C123DB76A6005DBD56 /* ProductsViewController.xib in Resources */ = {isa = PBXBuildFile; fileRef = 34BE56BF23DB76A6005DBD56 /* ProductsViewController.xib */; };
		3CE1D38C1538D5D15D0A4B71 /* Pods_SampleModelPassingTests.framework in Frameworks */ = {isa = PBXBuildFile; fileRef = 156EF4DEA5E5EACB1C160FF0 /* Pods_SampleModelPassingTests.framework */; };
		5CA9ED1CE00D1B78CDB4E715 /* Pods_SampleModelPassing.framework in Frameworks */ = {isa = PBXBuildFile; fileRef = F145AE23BB348B1CD0FD5916 /* Pods_SampleModelPassing.framework */; };
/* End PBXBuildFile section */

/* Begin PBXContainerItemProxy section */
		346979F723DB62D100AE27D4 /* PBXContainerItemProxy */ = {
			isa = PBXContainerItemProxy;
			containerPortal = 346979D823DB62CF00AE27D4 /* Project object */;
			proxyType = 1;
			remoteGlobalIDString = 346979DF23DB62CF00AE27D4;
			remoteInfo = SampleModelPassing;
		};
/* End PBXContainerItemProxy section */

/* Begin PBXFileReference section */
		156EF4DEA5E5EACB1C160FF0 /* Pods_SampleModelPassingTests.framework */ = {isa = PBXFileReference; explicitFileType = wrapper.framework; includeInIndex = 0; path = Pods_SampleModelPassingTests.framework; sourceTree = BUILT_PRODUCTS_DIR; };
		34108AD023DB826C00BB800D /* NSObject++.swift */ = {isa = PBXFileReference; lastKnownFileType = sourcecode.swift; path = "NSObject++.swift"; sourceTree = "<group>"; };
		34108AD323DB838000BB800D /* GenericTableViewDataSource.swift */ = {isa = PBXFileReference; lastKnownFileType = sourcecode.swift; path = GenericTableViewDataSource.swift; sourceTree = "<group>"; };
		34108AD623DB83DC00BB800D /* ImageView++.swift */ = {isa = PBXFileReference; lastKnownFileType = sourcecode.swift; path = "ImageView++.swift"; sourceTree = "<group>"; };
		34108AE323DB929D00BB800D /* ProductResponse.swift */ = {isa = PBXFileReference; lastKnownFileType = sourcecode.swift; path = ProductResponse.swift; sourceTree = "<group>"; };
		34108AE523DC508B00BB800D /* NetworkFetch.swift */ = {isa = PBXFileReference; lastKnownFileType = sourcecode.swift; path = NetworkFetch.swift; sourceTree = "<group>"; };
		34108AE723DC541300BB800D /* EndpointManager.swift */ = {isa = PBXFileReference; lastKnownFileType = sourcecode.swift; path = EndpointManager.swift; sourceTree = "<group>"; };
		34108AE923DC8A1100BB800D /* NSObjectExtensionTests.swift */ = {isa = PBXFileReference; lastKnownFileType = sourcecode.swift; path = NSObjectExtensionTests.swift; sourceTree = "<group>"; };
		34108AED23DC8C4E00BB800D /* GenericTableViewTests.swift */ = {isa = PBXFileReference; lastKnownFileType = sourcecode.swift; path = GenericTableViewTests.swift; sourceTree = "<group>"; };
		34108AF223DC945900BB800D /* EndpointTests.swift */ = {isa = PBXFileReference; lastKnownFileType = sourcecode.swift; path = EndpointTests.swift; sourceTree = "<group>"; };
		34108AF423DC9A6900BB800D /* ResponseDecodingTests.swift */ = {isa = PBXFileReference; lastKnownFileType = sourcecode.swift; path = ResponseDecodingTests.swift; sourceTree = "<group>"; };
		34108AF623DC9C5200BB800D /* Products.json */ = {isa = PBXFileReference; fileEncoding = 4; lastKnownFileType = text.json; path = Products.json; sourceTree = "<group>"; };
		34108AFA23DCA5B000BB800D /* NetworkFetchTests.swift */ = {isa = PBXFileReference; lastKnownFileType = sourcecode.swift; path = NetworkFetchTests.swift; sourceTree = "<group>"; };
		34108AFD23DCA84800BB800D /* ProductsPresenter.swift */ = {isa = PBXFileReference; lastKnownFileType = sourcecode.swift; path = ProductsPresenter.swift; sourceTree = "<group>"; };
		34108B0023DCA96600BB800D /* ProductModels.swift */ = {isa = PBXFileReference; lastKnownFileType = sourcecode.swift; path = ProductModels.swift; sourceTree = "<group>"; };
		34108B0323DCB5B200BB800D /* ProductsViewBuilder.swift */ = {isa = PBXFileReference; lastKnownFileType = sourcecode.swift; path = ProductsViewBuilder.swift; sourceTree = "<group>"; };
		34108B0623DCBDE000BB800D /* ProductDetailViewController.swift */ = {isa = PBXFileReference; lastKnownFileType = sourcecode.swift; path = ProductDetailViewController.swift; sourceTree = "<group>"; };
		34108B0723DCBDE000BB800D /* ProductDetailViewController.xib */ = {isa = PBXFileReference; lastKnownFileType = file.xib; path = ProductDetailViewController.xib; sourceTree = "<group>"; };
		34108B0B23DCC48E00BB800D /* ProductDetailPresenter.swift */ = {isa = PBXFileReference; lastKnownFileType = sourcecode.swift; path = ProductDetailPresenter.swift; sourceTree = "<group>"; };
		34108B0E23DCC79100BB800D /* ProductDetailBuilder.swift */ = {isa = PBXFileReference; lastKnownFileType = sourcecode.swift; path = ProductDetailBuilder.swift; sourceTree = "<group>"; };
		34108B1023DCC91100BB800D /* String++.swift */ = {isa = PBXFileReference; lastKnownFileType = sourcecode.swift; path = "String++.swift"; sourceTree = "<group>"; };
		34108B1223DCF3DD00BB800D /* UITableViewCell++.swift */ = {isa = PBXFileReference; lastKnownFileType = sourcecode.swift; path = "UITableViewCell++.swift"; sourceTree = "<group>"; };
		34108B1423DCF3F700BB800D /* UIColor++.swift */ = {isa = PBXFileReference; lastKnownFileType = sourcecode.swift; path = "UIColor++.swift"; sourceTree = "<group>"; };
		344BA04223DB7B3B0047B9DB /* ProductTableViewCell.swift */ = {isa = PBXFileReference; lastKnownFileType = sourcecode.swift; path = ProductTableViewCell.swift; sourceTree = "<group>"; };
		344BA04323DB7B3B0047B9DB /* ProductTableViewCell.xib */ = {isa = PBXFileReference; lastKnownFileType = file.xib; path = ProductTableViewCell.xib; sourceTree = "<group>"; };
		346979E023DB62CF00AE27D4 /* SampleModelPassing.app */ = {isa = PBXFileReference; explicitFileType = wrapper.application; includeInIndex = 0; path = SampleModelPassing.app; sourceTree = BUILT_PRODUCTS_DIR; };
		346979E323DB62CF00AE27D4 /* AppDelegate.swift */ = {isa = PBXFileReference; lastKnownFileType = sourcecode.swift; path = AppDelegate.swift; sourceTree = "<group>"; };
		346979E523DB62CF00AE27D4 /* SceneDelegate.swift */ = {isa = PBXFileReference; lastKnownFileType = sourcecode.swift; path = SceneDelegate.swift; sourceTree = "<group>"; };
		346979EC23DB62D100AE27D4 /* Assets.xcassets */ = {isa = PBXFileReference; lastKnownFileType = folder.assetcatalog; path = Assets.xcassets; sourceTree = "<group>"; };
		346979EF23DB62D100AE27D4 /* Base */ = {isa = PBXFileReference; lastKnownFileType = file.storyboard; name = Base; path = Base.lproj/LaunchScreen.storyboard; sourceTree = "<group>"; };
		346979F123DB62D100AE27D4 /* Info.plist */ = {isa = PBXFileReference; lastKnownFileType = text.plist.xml; path = Info.plist; sourceTree = "<group>"; };
		346979F623DB62D100AE27D4 /* SampleModelPassingTests.xctest */ = {isa = PBXFileReference; explicitFileType = wrapper.cfbundle; includeInIndex = 0; path = SampleModelPassingTests.xctest; sourceTree = BUILT_PRODUCTS_DIR; };
		346979FA23DB62D100AE27D4 /* SampleModelPassingTests.swift */ = {isa = PBXFileReference; lastKnownFileType = sourcecode.swift; path = SampleModelPassingTests.swift; sourceTree = "<group>"; };
		346979FC23DB62D100AE27D4 /* Info.plist */ = {isa = PBXFileReference; lastKnownFileType = text.plist.xml; path = Info.plist; sourceTree = "<group>"; };
		34BE56BE23DB76A6005DBD56 /* ProductsViewController.swift */ = {isa = PBXFileReference; lastKnownFileType = sourcecode.swift; path = ProductsViewController.swift; sourceTree = "<group>"; };
		34BE56BF23DB76A6005DBD56 /* ProductsViewController.xib */ = {isa = PBXFileReference; lastKnownFileType = file.xib; path = ProductsViewController.xib; sourceTree = "<group>"; };
		781D909DB8D53C07691E26B3 /* Pods-SampleModelPassingTests.release.xcconfig */ = {isa = PBXFileReference; includeInIndex = 1; lastKnownFileType = text.xcconfig; name = "Pods-SampleModelPassingTests.release.xcconfig"; path = "Target Support Files/Pods-SampleModelPassingTests/Pods-SampleModelPassingTests.release.xcconfig"; sourceTree = "<group>"; };
		903D0315DF76867DDA55639E /* Pods-SampleModelPassing.debug.xcconfig */ = {isa = PBXFileReference; includeInIndex = 1; lastKnownFileType = text.xcconfig; name = "Pods-SampleModelPassing.debug.xcconfig"; path = "Target Support Files/Pods-SampleModelPassing/Pods-SampleModelPassing.debug.xcconfig"; sourceTree = "<group>"; };
		DD1F3C335366DDE13E271255 /* Pods-SampleModelPassing.release.xcconfig */ = {isa = PBXFileReference; includeInIndex = 1; lastKnownFileType = text.xcconfig; name = "Pods-SampleModelPassing.release.xcconfig"; path = "Target Support Files/Pods-SampleModelPassing/Pods-SampleModelPassing.release.xcconfig"; sourceTree = "<group>"; };
		EF379852EA0D62651E84D9FA /* Pods-SampleModelPassingTests.debug.xcconfig */ = {isa = PBXFileReference; includeInIndex = 1; lastKnownFileType = text.xcconfig; name = "Pods-SampleModelPassingTests.debug.xcconfig"; path = "Target Support Files/Pods-SampleModelPassingTests/Pods-SampleModelPassingTests.debug.xcconfig"; sourceTree = "<group>"; };
		F145AE23BB348B1CD0FD5916 /* Pods_SampleModelPassing.framework */ = {isa = PBXFileReference; explicitFileType = wrapper.framework; includeInIndex = 0; path = Pods_SampleModelPassing.framework; sourceTree = BUILT_PRODUCTS_DIR; };
/* End PBXFileReference section */

/* Begin PBXFrameworksBuildPhase section */
		346979DD23DB62CF00AE27D4 /* Frameworks */ = {
			isa = PBXFrameworksBuildPhase;
			buildActionMask = 2147483647;
			files = (
				5CA9ED1CE00D1B78CDB4E715 /* Pods_SampleModelPassing.framework in Frameworks */,
			);
			runOnlyForDeploymentPostprocessing = 0;
		};
		346979F323DB62D100AE27D4 /* Frameworks */ = {
			isa = PBXFrameworksBuildPhase;
			buildActionMask = 2147483647;
			files = (
				3CE1D38C1538D5D15D0A4B71 /* Pods_SampleModelPassingTests.framework in Frameworks */,
			);
			runOnlyForDeploymentPostprocessing = 0;
		};
/* End PBXFrameworksBuildPhase section */

/* Begin PBXGroup section */
		0973228A159735F8F773CC6F /* Frameworks */ = {
			isa = PBXGroup;
			children = (
				F145AE23BB348B1CD0FD5916 /* Pods_SampleModelPassing.framework */,
				156EF4DEA5E5EACB1C160FF0 /* Pods_SampleModelPassingTests.framework */,
			);
			name = Frameworks;
			sourceTree = "<group>";
		};
		34108ACE23DB825A00BB800D /* Helpers */ = {
			isa = PBXGroup;
			children = (
				34108AD223DB836D00BB800D /* Components */,
				34108ACF23DB826000BB800D /* Extensions */,
			);
			path = Helpers;
			sourceTree = "<group>";
		};
		34108ACF23DB826000BB800D /* Extensions */ = {
			isa = PBXGroup;
			children = (
				34108AD023DB826C00BB800D /* NSObject++.swift */,
				34108AD623DB83DC00BB800D /* ImageView++.swift */,
				34108B1023DCC91100BB800D /* String++.swift */,
				34108B1223DCF3DD00BB800D /* UITableViewCell++.swift */,
				34108B1423DCF3F700BB800D /* UIColor++.swift */,
			);
			path = Extensions;
			sourceTree = "<group>";
		};
		34108AD223DB836D00BB800D /* Components */ = {
			isa = PBXGroup;
			children = (
				34108AD523DB83AC00BB800D /* TableViewComponents */,
			);
			path = Components;
			sourceTree = "<group>";
		};
		34108AD523DB83AC00BB800D /* TableViewComponents */ = {
			isa = PBXGroup;
			children = (
				34108AD323DB838000BB800D /* GenericTableViewDataSource.swift */,
			);
			path = TableViewComponents;
			sourceTree = "<group>";
		};
		34108AD823DB84C800BB800D /* NetworkProvider */ = {
			isa = PBXGroup;
			children = (
				34108AE523DC508B00BB800D /* NetworkFetch.swift */,
				34108AE723DC541300BB800D /* EndpointManager.swift */,
			);
			path = NetworkProvider;
			sourceTree = "<group>";
		};
		34108AE123DB927400BB800D /* Models */ = {
			isa = PBXGroup;
			children = (
				34108AE223DB927D00BB800D /* ResponseModels */,
			);
			path = Models;
			sourceTree = "<group>";
		};
		34108AE223DB927D00BB800D /* ResponseModels */ = {
			isa = PBXGroup;
			children = (
				34108AE323DB929D00BB800D /* ProductResponse.swift */,
			);
			path = ResponseModels;
			sourceTree = "<group>";
		};
		34108AEB23DC8C1D00BB800D /* ExtensionTests */ = {
			isa = PBXGroup;
			children = (
				34108AE923DC8A1100BB800D /* NSObjectExtensionTests.swift */,
			);
			path = ExtensionTests;
			sourceTree = "<group>";
		};
		34108AEC23DC8C3700BB800D /* ComponentTests */ = {
			isa = PBXGroup;
			children = (
				34108AED23DC8C4E00BB800D /* GenericTableViewTests.swift */,
			);
			path = ComponentTests;
			sourceTree = "<group>";
		};
		34108AEF23DC942D00BB800D /* NetworkTests */ = {
			isa = PBXGroup;
			children = (
				34108AF223DC945900BB800D /* EndpointTests.swift */,
				34108AF423DC9A6900BB800D /* ResponseDecodingTests.swift */,
				34108AFA23DCA5B000BB800D /* NetworkFetchTests.swift */,
			);
			path = NetworkTests;
			sourceTree = "<group>";
		};
		34108AFC23DCA83F00BB800D /* Presenter */ = {
			isa = PBXGroup;
			children = (
				34108AFD23DCA84800BB800D /* ProductsPresenter.swift */,
			);
			path = Presenter;
			sourceTree = "<group>";
		};
		34108AFF23DCA95B00BB800D /* Models */ = {
			isa = PBXGroup;
			children = (
				34108B0023DCA96600BB800D /* ProductModels.swift */,
			);
			path = Models;
			sourceTree = "<group>";
		};
		34108B0223DCB5A500BB800D /* Builder */ = {
			isa = PBXGroup;
			children = (
				34108B0323DCB5B200BB800D /* ProductsViewBuilder.swift */,
			);
			path = Builder;
			sourceTree = "<group>";
		};
		34108B0523DCBDCC00BB800D /* View */ = {
			isa = PBXGroup;
			children = (
				34108B0623DCBDE000BB800D /* ProductDetailViewController.swift */,
				34108B0723DCBDE000BB800D /* ProductDetailViewController.xib */,
			);
			path = View;
			sourceTree = "<group>";
		};
		34108B0A23DCBF0A00BB800D /* Presenter */ = {
			isa = PBXGroup;
			children = (
				34108B0B23DCC48E00BB800D /* ProductDetailPresenter.swift */,
			);
			path = Presenter;
			sourceTree = "<group>";
		};
		34108B0D23DCC77F00BB800D /* Builder */ = {
			isa = PBXGroup;
			children = (
				34108B0E23DCC79100BB800D /* ProductDetailBuilder.swift */,
			);
			path = Builder;
			sourceTree = "<group>";
		};
		344BA04023DB7B120047B9DB /* View */ = {
			isa = PBXGroup;
			children = (
				344BA04123DB7B1E0047B9DB /* Cells */,
				34BE56BE23DB76A6005DBD56 /* ProductsViewController.swift */,
				34BE56BF23DB76A6005DBD56 /* ProductsViewController.xib */,
			);
			path = View;
			sourceTree = "<group>";
		};
		344BA04123DB7B1E0047B9DB /* Cells */ = {
			isa = PBXGroup;
			children = (
				344BA04223DB7B3B0047B9DB /* ProductTableViewCell.swift */,
				344BA04323DB7B3B0047B9DB /* ProductTableViewCell.xib */,
			);
			path = Cells;
			sourceTree = "<group>";
		};
		346979D723DB62CF00AE27D4 = {
			isa = PBXGroup;
			children = (
				346979E223DB62CF00AE27D4 /* SampleModelPassing */,
				346979F923DB62D100AE27D4 /* SampleModelPassingTests */,
				346979E123DB62CF00AE27D4 /* Products */,
				D5EBAA6D3E58CD14723718B2 /* Pods */,
				0973228A159735F8F773CC6F /* Frameworks */,
			);
			sourceTree = "<group>";
		};
		346979E123DB62CF00AE27D4 /* Products */ = {
			isa = PBXGroup;
			children = (
				346979E023DB62CF00AE27D4 /* SampleModelPassing.app */,
				346979F623DB62D100AE27D4 /* SampleModelPassingTests.xctest */,
			);
			name = Products;
			sourceTree = "<group>";
		};
		346979E223DB62CF00AE27D4 /* SampleModelPassing */ = {
			isa = PBXGroup;
			children = (
				34697A0723DB70B600AE27D4 /* Util */,
				34697A0523DB709200AE27D4 /* Source */,
			);
			path = SampleModelPassing;
			sourceTree = "<group>";
		};
		346979F923DB62D100AE27D4 /* SampleModelPassingTests */ = {
			isa = PBXGroup;
			children = (
				34108AF623DC9C5200BB800D /* Products.json */,
				34108AEF23DC942D00BB800D /* NetworkTests */,
				34108AEC23DC8C3700BB800D /* ComponentTests */,
				34108AEB23DC8C1D00BB800D /* ExtensionTests */,
				346979FA23DB62D100AE27D4 /* SampleModelPassingTests.swift */,
				346979FC23DB62D100AE27D4 /* Info.plist */,
			);
			path = SampleModelPassingTests;
			sourceTree = "<group>";
		};
		34697A0523DB709200AE27D4 /* Source */ = {
			isa = PBXGroup;
			children = (
				34108AE123DB927400BB800D /* Models */,
				34108AD823DB84C800BB800D /* NetworkProvider */,
				34108ACE23DB825A00BB800D /* Helpers */,
				34BE56BB23DB73CD005DBD56 /* Router */,
				34697A0823DB711900AE27D4 /* Scenes */,
				34697A0623DB709B00AE27D4 /* App */,
			);
			path = Source;
			sourceTree = "<group>";
		};
		34697A0623DB709B00AE27D4 /* App */ = {
			isa = PBXGroup;
			children = (
				346979E323DB62CF00AE27D4 /* AppDelegate.swift */,
				346979E523DB62CF00AE27D4 /* SceneDelegate.swift */,
			);
			path = App;
			sourceTree = "<group>";
		};
		34697A0723DB70B600AE27D4 /* Util */ = {
			isa = PBXGroup;
			children = (
				346979EC23DB62D100AE27D4 /* Assets.xcassets */,
				346979EE23DB62D100AE27D4 /* LaunchScreen.storyboard */,
				346979F123DB62D100AE27D4 /* Info.plist */,
			);
			path = Util;
			sourceTree = "<group>";
		};
		34697A0823DB711900AE27D4 /* Scenes */ = {
			isa = PBXGroup;
			children = (
				34BE56C323DB76B6005DBD56 /* ProductDetail */,
				34BE56C223DB76AB005DBD56 /* Products */,
			);
			path = Scenes;
			sourceTree = "<group>";
		};
		34BE56BB23DB73CD005DBD56 /* Router */ = {
			isa = PBXGroup;
			children = (
			);
			path = Router;
			sourceTree = "<group>";
		};
		34BE56C223DB76AB005DBD56 /* Products */ = {
			isa = PBXGroup;
			children = (
				34108B0223DCB5A500BB800D /* Builder */,
				34108AFF23DCA95B00BB800D /* Models */,
				34108AFC23DCA83F00BB800D /* Presenter */,
				344BA04023DB7B120047B9DB /* View */,
			);
			path = Products;
			sourceTree = "<group>";
		};
		34BE56C323DB76B6005DBD56 /* ProductDetail */ = {
			isa = PBXGroup;
			children = (
				34108B0D23DCC77F00BB800D /* Builder */,
				34108B0A23DCBF0A00BB800D /* Presenter */,
				34108B0523DCBDCC00BB800D /* View */,
			);
			path = ProductDetail;
			sourceTree = "<group>";
		};
		D5EBAA6D3E58CD14723718B2 /* Pods */ = {
			isa = PBXGroup;
			children = (
				903D0315DF76867DDA55639E /* Pods-SampleModelPassing.debug.xcconfig */,
				DD1F3C335366DDE13E271255 /* Pods-SampleModelPassing.release.xcconfig */,
				EF379852EA0D62651E84D9FA /* Pods-SampleModelPassingTests.debug.xcconfig */,
				781D909DB8D53C07691E26B3 /* Pods-SampleModelPassingTests.release.xcconfig */,
			);
			path = Pods;
			sourceTree = "<group>";
		};
/* End PBXGroup section */

/* Begin PBXNativeTarget section */
		346979DF23DB62CF00AE27D4 /* SampleModelPassing */ = {
			isa = PBXNativeTarget;
			buildConfigurationList = 346979FF23DB62D100AE27D4 /* Build configuration list for PBXNativeTarget "SampleModelPassing" */;
			buildPhases = (
				0D39435085AC76AFB02F526E /* [CP] Check Pods Manifest.lock */,
				346979DC23DB62CF00AE27D4 /* Sources */,
				346979DD23DB62CF00AE27D4 /* Frameworks */,
				346979DE23DB62CF00AE27D4 /* Resources */,
				1A4868A0F3B0B3BB19E35C76 /* [CP] Embed Pods Frameworks */,
			);
			buildRules = (
			);
			dependencies = (
			);
			name = SampleModelPassing;
			productName = SampleModelPassing;
			productReference = 346979E023DB62CF00AE27D4 /* SampleModelPassing.app */;
			productType = "com.apple.product-type.application";
		};
		346979F523DB62D100AE27D4 /* SampleModelPassingTests */ = {
			isa = PBXNativeTarget;
			buildConfigurationList = 34697A0223DB62D100AE27D4 /* Build configuration list for PBXNativeTarget "SampleModelPassingTests" */;
			buildPhases = (
				8CA856DDC8F9B81F425FCBC1 /* [CP] Check Pods Manifest.lock */,
				346979F223DB62D100AE27D4 /* Sources */,
				346979F323DB62D100AE27D4 /* Frameworks */,
				346979F423DB62D100AE27D4 /* Resources */,
			);
			buildRules = (
			);
			dependencies = (
				346979F823DB62D100AE27D4 /* PBXTargetDependency */,
			);
			name = SampleModelPassingTests;
			productName = SampleModelPassingTests;
			productReference = 346979F623DB62D100AE27D4 /* SampleModelPassingTests.xctest */;
			productType = "com.apple.product-type.bundle.unit-test";
		};
/* End PBXNativeTarget section */

/* Begin PBXProject section */
		346979D823DB62CF00AE27D4 /* Project object */ = {
			isa = PBXProject;
			attributes = {
				LastSwiftUpdateCheck = 1130;
				LastUpgradeCheck = 1130;
				ORGANIZATIONNAME = "Can Kincal";
				TargetAttributes = {
					346979DF23DB62CF00AE27D4 = {
						CreatedOnToolsVersion = 11.3;
					};
					346979F523DB62D100AE27D4 = {
						CreatedOnToolsVersion = 11.3;
						TestTargetID = 346979DF23DB62CF00AE27D4;
					};
				};
			};
			buildConfigurationList = 346979DB23DB62CF00AE27D4 /* Build configuration list for PBXProject "SampleModelPassing" */;
			compatibilityVersion = "Xcode 9.3";
			developmentRegion = en;
			hasScannedForEncodings = 0;
			knownRegions = (
				en,
				Base,
			);
			mainGroup = 346979D723DB62CF00AE27D4;
			productRefGroup = 346979E123DB62CF00AE27D4 /* Products */;
			projectDirPath = "";
			projectRoot = "";
			targets = (
				346979DF23DB62CF00AE27D4 /* SampleModelPassing */,
				346979F523DB62D100AE27D4 /* SampleModelPassingTests */,
			);
		};
/* End PBXProject section */

/* Begin PBXResourcesBuildPhase section */
		346979DE23DB62CF00AE27D4 /* Resources */ = {
			isa = PBXResourcesBuildPhase;
			buildActionMask = 2147483647;
			files = (
				346979F023DB62D100AE27D4 /* LaunchScreen.storyboard in Resources */,
				344BA04523DB7B3B0047B9DB /* ProductTableViewCell.xib in Resources */,
				346979ED23DB62D100AE27D4 /* Assets.xcassets in Resources */,
				34108B0923DCBDE000BB800D /* ProductDetailViewController.xib in Resources */,
				34BE56C123DB76A6005DBD56 /* ProductsViewController.xib in Resources */,
			);
			runOnlyForDeploymentPostprocessing = 0;
		};
		346979F423DB62D100AE27D4 /* Resources */ = {
			isa = PBXResourcesBuildPhase;
			buildActionMask = 2147483647;
			files = (
				34108AF723DC9C5200BB800D /* Products.json in Resources */,
			);
			runOnlyForDeploymentPostprocessing = 0;
		};
/* End PBXResourcesBuildPhase section */

/* Begin PBXShellScriptBuildPhase section */
		0D39435085AC76AFB02F526E /* [CP] Check Pods Manifest.lock */ = {
			isa = PBXShellScriptBuildPhase;
			buildActionMask = 2147483647;
			files = (
			);
			inputFileListPaths = (
			);
			inputPaths = (
				"${PODS_PODFILE_DIR_PATH}/Podfile.lock",
				"${PODS_ROOT}/Manifest.lock",
			);
			name = "[CP] Check Pods Manifest.lock";
			outputFileListPaths = (
			);
			outputPaths = (
				"$(DERIVED_FILE_DIR)/Pods-SampleModelPassing-checkManifestLockResult.txt",
			);
			runOnlyForDeploymentPostprocessing = 0;
			shellPath = /bin/sh;
			shellScript = "diff \"${PODS_PODFILE_DIR_PATH}/Podfile.lock\" \"${PODS_ROOT}/Manifest.lock\" > /dev/null\nif [ $? != 0 ] ; then\n    # print error to STDERR\n    echo \"error: The sandbox is not in sync with the Podfile.lock. Run 'pod install' or update your CocoaPods installation.\" >&2\n    exit 1\nfi\n# This output is used by Xcode 'outputs' to avoid re-running this script phase.\necho \"SUCCESS\" > \"${SCRIPT_OUTPUT_FILE_0}\"\n";
			showEnvVarsInLog = 0;
		};
		1A4868A0F3B0B3BB19E35C76 /* [CP] Embed Pods Frameworks */ = {
			isa = PBXShellScriptBuildPhase;
			buildActionMask = 2147483647;
			files = (
			);
			inputFileListPaths = (
				"${PODS_ROOT}/Target Support Files/Pods-SampleModelPassing/Pods-SampleModelPassing-frameworks-${CONFIGURATION}-input-files.xcfilelist",
			);
			name = "[CP] Embed Pods Frameworks";
			outputFileListPaths = (
				"${PODS_ROOT}/Target Support Files/Pods-SampleModelPassing/Pods-SampleModelPassing-frameworks-${CONFIGURATION}-output-files.xcfilelist",
			);
			runOnlyForDeploymentPostprocessing = 0;
			shellPath = /bin/sh;
			shellScript = "\"${PODS_ROOT}/Target Support Files/Pods-SampleModelPassing/Pods-SampleModelPassing-frameworks.sh\"\n";
			showEnvVarsInLog = 0;
		};
		8CA856DDC8F9B81F425FCBC1 /* [CP] Check Pods Manifest.lock */ = {
			isa = PBXShellScriptBuildPhase;
			buildActionMask = 2147483647;
			files = (
			);
			inputFileListPaths = (
			);
			inputPaths = (
				"${PODS_PODFILE_DIR_PATH}/Podfile.lock",
				"${PODS_ROOT}/Manifest.lock",
			);
			name = "[CP] Check Pods Manifest.lock";
			outputFileListPaths = (
			);
			outputPaths = (
				"$(DERIVED_FILE_DIR)/Pods-SampleModelPassingTests-checkManifestLockResult.txt",
			);
			runOnlyForDeploymentPostprocessing = 0;
			shellPath = /bin/sh;
			shellScript = "diff \"${PODS_PODFILE_DIR_PATH}/Podfile.lock\" \"${PODS_ROOT}/Manifest.lock\" > /dev/null\nif [ $? != 0 ] ; then\n    # print error to STDERR\n    echo \"error: The sandbox is not in sync with the Podfile.lock. Run 'pod install' or update your CocoaPods installation.\" >&2\n    exit 1\nfi\n# This output is used by Xcode 'outputs' to avoid re-running this script phase.\necho \"SUCCESS\" > \"${SCRIPT_OUTPUT_FILE_0}\"\n";
			showEnvVarsInLog = 0;
		};
/* End PBXShellScriptBuildPhase section */

/* Begin PBXSourcesBuildPhase section */
		346979DC23DB62CF00AE27D4 /* Sources */ = {
			isa = PBXSourcesBuildPhase;
			buildActionMask = 2147483647;
			files = (
				34108B0F23DCC79100BB800D /* ProductDetailBuilder.swift in Sources */,
				34108AFE23DCA84800BB800D /* ProductsPresenter.swift in Sources */,
				346979E423DB62CF00AE27D4 /* AppDelegate.swift in Sources */,
				34108B1523DCF3F700BB800D /* UIColor++.swift in Sources */,
				34108AD723DB83DC00BB800D /* ImageView++.swift in Sources */,
				34108B0123DCA96600BB800D /* ProductModels.swift in Sources */,
				34108B0423DCB5B200BB800D /* ProductsViewBuilder.swift in Sources */,
				34108AD123DB826C00BB800D /* NSObject++.swift in Sources */,
				346979E623DB62CF00AE27D4 /* SceneDelegate.swift in Sources */,
				34108AE823DC541300BB800D /* EndpointManager.swift in Sources */,
				34108AE423DB929D00BB800D /* ProductResponse.swift in Sources */,
				34108B1123DCC91100BB800D /* String++.swift in Sources */,
				34108B0823DCBDE000BB800D /* ProductDetailViewController.swift in Sources */,
				34108B0C23DCC48E00BB800D /* ProductDetailPresenter.swift in Sources */,
				34108B1323DCF3DD00BB800D /* UITableViewCell++.swift in Sources */,
				344BA04423DB7B3B0047B9DB /* ProductTableViewCell.swift in Sources */,
				34108AD423DB838000BB800D /* GenericTableViewDataSource.swift in Sources */,
				34108AE623DC508B00BB800D /* NetworkFetch.swift in Sources */,
				34BE56C023DB76A6005DBD56 /* ProductsViewController.swift in Sources */,
			);
			runOnlyForDeploymentPostprocessing = 0;
		};
		346979F223DB62D100AE27D4 /* Sources */ = {
			isa = PBXSourcesBuildPhase;
			buildActionMask = 2147483647;
			files = (
				346979FB23DB62D100AE27D4 /* SampleModelPassingTests.swift in Sources */,
				34108AEE23DC8C4E00BB800D /* GenericTableViewTests.swift in Sources */,
				34108AF323DC945900BB800D /* EndpointTests.swift in Sources */,
				34108AF523DC9A6900BB800D /* ResponseDecodingTests.swift in Sources */,
				34108AEA23DC8A1100BB800D /* NSObjectExtensionTests.swift in Sources */,
				34108AFB23DCA5B000BB800D /* NetworkFetchTests.swift in Sources */,
			);
			runOnlyForDeploymentPostprocessing = 0;
		};
/* End PBXSourcesBuildPhase section */

/* Begin PBXTargetDependency section */
		346979F823DB62D100AE27D4 /* PBXTargetDependency */ = {
			isa = PBXTargetDependency;
			target = 346979DF23DB62CF00AE27D4 /* SampleModelPassing */;
			targetProxy = 346979F723DB62D100AE27D4 /* PBXContainerItemProxy */;
		};
/* End PBXTargetDependency section */

/* Begin PBXVariantGroup section */
		346979EE23DB62D100AE27D4 /* LaunchScreen.storyboard */ = {
			isa = PBXVariantGroup;
			children = (
				346979EF23DB62D100AE27D4 /* Base */,
			);
			name = LaunchScreen.storyboard;
			sourceTree = "<group>";
		};
/* End PBXVariantGroup section */

/* Begin XCBuildConfiguration section */
		346979FD23DB62D100AE27D4 /* Debug */ = {
			isa = XCBuildConfiguration;
			buildSettings = {
				ALWAYS_SEARCH_USER_PATHS = NO;
				CLANG_ANALYZER_NONNULL = YES;
				CLANG_ANALYZER_NUMBER_OBJECT_CONVERSION = YES_AGGRESSIVE;
				CLANG_CXX_LANGUAGE_STANDARD = "gnu++14";
				CLANG_CXX_LIBRARY = "libc++";
				CLANG_ENABLE_MODULES = YES;
				CLANG_ENABLE_OBJC_ARC = YES;
				CLANG_ENABLE_OBJC_WEAK = YES;
				CLANG_WARN_BLOCK_CAPTURE_AUTORELEASING = YES;
				CLANG_WARN_BOOL_CONVERSION = YES;
				CLANG_WARN_COMMA = YES;
				CLANG_WARN_CONSTANT_CONVERSION = YES;
				CLANG_WARN_DEPRECATED_OBJC_IMPLEMENTATIONS = YES;
				CLANG_WARN_DIRECT_OBJC_ISA_USAGE = YES_ERROR;
				CLANG_WARN_DOCUMENTATION_COMMENTS = YES;
				CLANG_WARN_EMPTY_BODY = YES;
				CLANG_WARN_ENUM_CONVERSION = YES;
				CLANG_WARN_INFINITE_RECURSION = YES;
				CLANG_WARN_INT_CONVERSION = YES;
				CLANG_WARN_NON_LITERAL_NULL_CONVERSION = YES;
				CLANG_WARN_OBJC_IMPLICIT_RETAIN_SELF = YES;
				CLANG_WARN_OBJC_LITERAL_CONVERSION = YES;
				CLANG_WARN_OBJC_ROOT_CLASS = YES_ERROR;
				CLANG_WARN_RANGE_LOOP_ANALYSIS = YES;
				CLANG_WARN_STRICT_PROTOTYPES = YES;
				CLANG_WARN_SUSPICIOUS_MOVE = YES;
				CLANG_WARN_UNGUARDED_AVAILABILITY = YES_AGGRESSIVE;
				CLANG_WARN_UNREACHABLE_CODE = YES;
				CLANG_WARN__DUPLICATE_METHOD_MATCH = YES;
				COPY_PHASE_STRIP = NO;
				DEBUG_INFORMATION_FORMAT = dwarf;
				ENABLE_STRICT_OBJC_MSGSEND = YES;
				ENABLE_TESTABILITY = YES;
				GCC_C_LANGUAGE_STANDARD = gnu11;
				GCC_DYNAMIC_NO_PIC = NO;
				GCC_NO_COMMON_BLOCKS = YES;
				GCC_OPTIMIZATION_LEVEL = 0;
				GCC_PREPROCESSOR_DEFINITIONS = (
					"DEBUG=1",
					"$(inherited)",
				);
				GCC_WARN_64_TO_32_BIT_CONVERSION = YES;
				GCC_WARN_ABOUT_RETURN_TYPE = YES_ERROR;
				GCC_WARN_UNDECLARED_SELECTOR = YES;
				GCC_WARN_UNINITIALIZED_AUTOS = YES_AGGRESSIVE;
				GCC_WARN_UNUSED_FUNCTION = YES;
				GCC_WARN_UNUSED_VARIABLE = YES;
				IPHONEOS_DEPLOYMENT_TARGET = 13.2;
				MTL_ENABLE_DEBUG_INFO = INCLUDE_SOURCE;
				MTL_FAST_MATH = YES;
				ONLY_ACTIVE_ARCH = YES;
				SDKROOT = iphoneos;
				SWIFT_ACTIVE_COMPILATION_CONDITIONS = DEBUG;
				SWIFT_OPTIMIZATION_LEVEL = "-Onone";
			};
			name = Debug;
		};
		346979FE23DB62D100AE27D4 /* Release */ = {
			isa = XCBuildConfiguration;
			buildSettings = {
				ALWAYS_SEARCH_USER_PATHS = NO;
				CLANG_ANALYZER_NONNULL = YES;
				CLANG_ANALYZER_NUMBER_OBJECT_CONVERSION = YES_AGGRESSIVE;
				CLANG_CXX_LANGUAGE_STANDARD = "gnu++14";
				CLANG_CXX_LIBRARY = "libc++";
				CLANG_ENABLE_MODULES = YES;
				CLANG_ENABLE_OBJC_ARC = YES;
				CLANG_ENABLE_OBJC_WEAK = YES;
				CLANG_WARN_BLOCK_CAPTURE_AUTORELEASING = YES;
				CLANG_WARN_BOOL_CONVERSION = YES;
				CLANG_WARN_COMMA = YES;
				CLANG_WARN_CONSTANT_CONVERSION = YES;
				CLANG_WARN_DEPRECATED_OBJC_IMPLEMENTATIONS = YES;
				CLANG_WARN_DIRECT_OBJC_ISA_USAGE = YES_ERROR;
				CLANG_WARN_DOCUMENTATION_COMMENTS = YES;
				CLANG_WARN_EMPTY_BODY = YES;
				CLANG_WARN_ENUM_CONVERSION = YES;
				CLANG_WARN_INFINITE_RECURSION = YES;
				CLANG_WARN_INT_CONVERSION = YES;
				CLANG_WARN_NON_LITERAL_NULL_CONVERSION = YES;
				CLANG_WARN_OBJC_IMPLICIT_RETAIN_SELF = YES;
				CLANG_WARN_OBJC_LITERAL_CONVERSION = YES;
				CLANG_WARN_OBJC_ROOT_CLASS = YES_ERROR;
				CLANG_WARN_RANGE_LOOP_ANALYSIS = YES;
				CLANG_WARN_STRICT_PROTOTYPES = YES;
				CLANG_WARN_SUSPICIOUS_MOVE = YES;
				CLANG_WARN_UNGUARDED_AVAILABILITY = YES_AGGRESSIVE;
				CLANG_WARN_UNREACHABLE_CODE = YES;
				CLANG_WARN__DUPLICATE_METHOD_MATCH = YES;
				COPY_PHASE_STRIP = NO;
				DEBUG_INFORMATION_FORMAT = "dwarf-with-dsym";
				ENABLE_NS_ASSERTIONS = NO;
				ENABLE_STRICT_OBJC_MSGSEND = YES;
				GCC_C_LANGUAGE_STANDARD = gnu11;
				GCC_NO_COMMON_BLOCKS = YES;
				GCC_WARN_64_TO_32_BIT_CONVERSION = YES;
				GCC_WARN_ABOUT_RETURN_TYPE = YES_ERROR;
				GCC_WARN_UNDECLARED_SELECTOR = YES;
				GCC_WARN_UNINITIALIZED_AUTOS = YES_AGGRESSIVE;
				GCC_WARN_UNUSED_FUNCTION = YES;
				GCC_WARN_UNUSED_VARIABLE = YES;
				IPHONEOS_DEPLOYMENT_TARGET = 13.2;
				MTL_ENABLE_DEBUG_INFO = NO;
				MTL_FAST_MATH = YES;
				SDKROOT = iphoneos;
				SWIFT_COMPILATION_MODE = wholemodule;
				SWIFT_OPTIMIZATION_LEVEL = "-O";
				VALIDATE_PRODUCT = YES;
			};
			name = Release;
		};
		34697A0023DB62D100AE27D4 /* Debug */ = {
			isa = XCBuildConfiguration;
			baseConfigurationReference = 903D0315DF76867DDA55639E /* Pods-SampleModelPassing.debug.xcconfig */;
			buildSettings = {
				ASSETCATALOG_COMPILER_APPICON_NAME = AppIcon;
				CODE_SIGN_STYLE = Automatic;
				DEVELOPMENT_TEAM = V6L5E4CY2N;
				INFOPLIST_FILE = SampleModelPassing/Util/Info.plist;
				IPHONEOS_DEPLOYMENT_TARGET = 13.2;
				LD_RUNPATH_SEARCH_PATHS = (
					"$(inherited)",
					"@executable_path/Frameworks",
				);
				PRODUCT_BUNDLE_IDENTIFIER = diplomaliformatci.SampleModelPassing;
				PRODUCT_NAME = "$(TARGET_NAME)";
				SWIFT_VERSION = 5.0;
				TARGETED_DEVICE_FAMILY = "1,2";
			};
			name = Debug;
		};
		34697A0123DB62D100AE27D4 /* Release */ = {
			isa = XCBuildConfiguration;
			baseConfigurationReference = DD1F3C335366DDE13E271255 /* Pods-SampleModelPassing.release.xcconfig */;
			buildSettings = {
				ASSETCATALOG_COMPILER_APPICON_NAME = AppIcon;
				CODE_SIGN_STYLE = Automatic;
				DEVELOPMENT_TEAM = V6L5E4CY2N;
				INFOPLIST_FILE = SampleModelPassing/Util/Info.plist;
				IPHONEOS_DEPLOYMENT_TARGET = 13.2;
				LD_RUNPATH_SEARCH_PATHS = (
					"$(inherited)",
					"@executable_path/Frameworks",
				);
				PRODUCT_BUNDLE_IDENTIFIER = diplomaliformatci.SampleModelPassing;
				PRODUCT_NAME = "$(TARGET_NAME)";
				SWIFT_VERSION = 5.0;
				TARGETED_DEVICE_FAMILY = "1,2";
			};
			name = Release;
		};
		34697A0323DB62D100AE27D4 /* Debug */ = {
			isa = XCBuildConfiguration;
			baseConfigurationReference = EF379852EA0D62651E84D9FA /* Pods-SampleModelPassingTests.debug.xcconfig */;
			buildSettings = {
				ALWAYS_EMBED_SWIFT_STANDARD_LIBRARIES = YES;
				BUNDLE_LOADER = "$(TEST_HOST)";
				CODE_SIGN_STYLE = Automatic;
				DEVELOPMENT_TEAM = V6L5E4CY2N;
				INFOPLIST_FILE = SampleModelPassingTests/Info.plist;
				IPHONEOS_DEPLOYMENT_TARGET = 13.2;
				LD_RUNPATH_SEARCH_PATHS = (
					"$(inherited)",
					"@executable_path/Frameworks",
					"@loader_path/Frameworks",
				);
				PRODUCT_BUNDLE_IDENTIFIER = diplomaliformatci.SampleModelPassingTests;
				PRODUCT_NAME = "$(TARGET_NAME)";
				SWIFT_VERSION = 5.0;
				TARGETED_DEVICE_FAMILY = "1,2";
				TEST_HOST = "$(BUILT_PRODUCTS_DIR)/SampleModelPassing.app/SampleModelPassing";
			};
			name = Debug;
		};
		34697A0423DB62D100AE27D4 /* Release */ = {
			isa = XCBuildConfiguration;
			baseConfigurationReference = 781D909DB8D53C07691E26B3 /* Pods-SampleModelPassingTests.release.xcconfig */;
			buildSettings = {
				ALWAYS_EMBED_SWIFT_STANDARD_LIBRARIES = YES;
				BUNDLE_LOADER = "$(TEST_HOST)";
				CODE_SIGN_STYLE = Automatic;
				DEVELOPMENT_TEAM = V6L5E4CY2N;
				INFOPLIST_FILE = SampleModelPassingTests/Info.plist;
				IPHONEOS_DEPLOYMENT_TARGET = 13.2;
				LD_RUNPATH_SEARCH_PATHS = (
					"$(inherited)",
					"@executable_path/Frameworks",
					"@loader_path/Frameworks",
				);
				PRODUCT_BUNDLE_IDENTIFIER = diplomaliformatci.SampleModelPassingTests;
				PRODUCT_NAME = "$(TARGET_NAME)";
				SWIFT_VERSION = 5.0;
				TARGETED_DEVICE_FAMILY = "1,2";
				TEST_HOST = "$(BUILT_PRODUCTS_DIR)/SampleModelPassing.app/SampleModelPassing";
			};
			name = Release;
		};
/* End XCBuildConfiguration section */

/* Begin XCConfigurationList section */
		346979DB23DB62CF00AE27D4 /* Build configuration list for PBXProject "SampleModelPassing" */ = {
			isa = XCConfigurationList;
			buildConfigurations = (
				346979FD23DB62D100AE27D4 /* Debug */,
				346979FE23DB62D100AE27D4 /* Release */,
			);
			defaultConfigurationIsVisible = 0;
			defaultConfigurationName = Release;
		};
		346979FF23DB62D100AE27D4 /* Build configuration list for PBXNativeTarget "SampleModelPassing" */ = {
			isa = XCConfigurationList;
			buildConfigurations = (
				34697A0023DB62D100AE27D4 /* Debug */,
				34697A0123DB62D100AE27D4 /* Release */,
			);
			defaultConfigurationIsVisible = 0;
			defaultConfigurationName = Release;
		};
		34697A0223DB62D100AE27D4 /* Build configuration list for PBXNativeTarget "SampleModelPassingTests" */ = {
			isa = XCConfigurationList;
			buildConfigurations = (
				34697A0323DB62D100AE27D4 /* Debug */,
				34697A0423DB62D100AE27D4 /* Release */,
			);
			defaultConfigurationIsVisible = 0;
			defaultConfigurationName = Release;
		};
/* End XCConfigurationList section */
	};
	rootObject = 346979D823DB62CF00AE27D4 /* Project object */;
}
